{
  "originHash" : "786878a548c411886fd591da4a1e033184d5fb837e2e03c330582eef57fba325",
  "pins" : [
    {
      "identity" : "iqkeyboardmanager",
      "kind" : "remoteSourceControl",
      "location" : "https://github.com/hackiftekhar/IQKeyboardManager",
      "state" : {
        "revision" : "19e111f9246b3407fe0c334dc78fa890c40d8c67",
        "version" : "7.0.3"
      }
    },
    {
      "identity" : "kingfisher",
      "kind" : "remoteSourceControl",
      "location" : "https://github.com/onevcat/Kingfisher.git",
      "state" : {
        "revision" : "2ef543ee21d63734e1c004ad6c870255e8716c50",
        "version" : "7.12.0"
      }
    },
    {
      "identity" : "progresshud",
      "kind" : "remoteSourceControl",
      "location" : "https://github.com/relatedcode/ProgressHUD",
      "state" : {
        "revision" : "46792db49f80454879a939f9b2be31bb61c37b0c",
        "version" : "13.8.6"
      }
    }
  ],
  "version" : 3
}
